lockfileVersion: '9.0'

settings:
  autoInstallPeers: true
  excludeLinksFromLockfile: false

importers:

  .:
    devDependencies:
      chrome-launcher:
        specifier: ^1.1.2
        version: 1.1.2
      chrome-remote-interface:
        specifier: ^0.33.2
        version: 0.33.2

packages:

  '@types/node@22.4.0':
    resolution: {integrity: sha512-49AbMDwYUz7EXxKU/r7mXOsxwFr4BYbvB7tWYxVuLdb2ibd30ijjXINSMAHiEEZk5PCRBmW1gUeisn2VMKt3cQ==}

  chrome-launcher@1.1.2:
    resolution: {integrity: sha512-YclTJey34KUm5jB1aEJCq807bSievi7Nb/TU4Gu504fUYi3jw3KCIaH6L7nFWQhdEgH3V+wCh+kKD1P5cXnfxw==}
    engines: {node: '>=12.13.0'}
    hasBin: true

  chrome-remote-interface@0.33.2:
    resolution: {integrity: sha512-wvm9cOeBTrb218EC+6DteGt92iXr2iY0+XJP30f15JVDhqvWvJEVACh9GvUm8b9Yd8bxQivaLSb8k7mgrbyomQ==}
    hasBin: true

  commander@2.11.0:
    resolution: {integrity: sha512-b0553uYA5YAEGgyYIGYROzKQ7X5RAqedkfjiZxwi0kL1g3bOaBNNZfYkzt/CL0umgD5wc9Jec2FbB98CjkMRvQ==}

  debug@2.6.9:
    resolution: {integrity: sha512-bC7ElrdJaJnPbAP+1EotYvqZsb3ecl5wi6Bfi6BJTUcNowp6cvspg0jXznRTKDjm/E7AdgFBVeAPVMNcKGsHMA==}
    peerDependencies:
      supports-color: '*'
    peerDependenciesMeta:
      supports-color:
        optional: true

  escape-string-regexp@4.0.0:
    resolution: {integrity: sha512-TtpcNJ3XAzx3Gq8sWRzJaVajRs0uVxA2YAkdb1jm2YkPz4G6egUFAyA3n5vtEIZefPk5Wa4UXbKuS5fKkJWdgA==}
    engines: {node: '>=10'}

  is-docker@2.2.1:
    resolution: {integrity: sha512-F+i2BKsFrH66iaUFc0woD8sLy8getkwTwtOBjvs56Cx4CgJDeKQeqfz8wAYiSb8JOprWhHH5p77PbmYCvvUuXQ==}
    engines: {node: '>=8'}
    hasBin: true

  is-wsl@2.2.0:
    resolution: {integrity: sha512-fKzAra0rGJUUBwGBgNkHZuToZcn+TtXHpeCgmkMJMMYx1sQDYaCSyjJBSCa2nH1DGm7s3n1oBnohoVTBaN7Lww==}
    engines: {node: '>=8'}

  lighthouse-logger@2.0.1:
    resolution: {integrity: sha512-ioBrW3s2i97noEmnXxmUq7cjIcVRjT5HBpAYy8zE11CxU9HqlWHHeRxfeN1tn8F7OEMVPIC9x1f8t3Z7US9ehQ==}

  marky@1.2.5:
    resolution: {integrity: sha512-q9JtQJKjpsVxCRVgQ+WapguSbKC3SQ5HEzFGPAJMStgh3QjCawp00UKv3MTTAArTmGmmPUvllHZoNbZ3gs0I+Q==}

  ms@2.0.0:
    resolution: {integrity: sha512-Tpp60P6IUJDTuOq/5Z8cdskzJujfwqfOTkrwIwj7IRISpnkJnT6SyJ4PCPnGMoFjC9ddhal5KVIYtAt97ix05A==}

  undici-types@6.19.6:
    resolution: {integrity: sha512-e/vggGopEfTKSvj4ihnOLTsqhrKRN3LeO6qSN/GxohhuRv8qH9bNQ4B8W7e/vFL+0XTnmHPB4/kegunZGA4Org==}

  ws@7.5.10:
    resolution: {integrity: sha512-+dbF1tHwZpXcbOJdVOkzLDxZP1ailvSxM6ZweXTegylPny803bFhA+vqBYw4s31NSAk4S2Qz+AKXK9a4wkdjcQ==}
    engines: {node: '>=8.3.0'}
    peerDependencies:
      bufferutil: ^4.0.1
      utf-8-validate: ^5.0.2
    peerDependenciesMeta:
      bufferutil:
        optional: true
      utf-8-validate:
        optional: true

snapshots:

  '@types/node@22.4.0':
    dependencies:
      undici-types: 6.19.6

  chrome-launcher@1.1.2:
    dependencies:
      '@types/node': 22.4.0
      escape-string-regexp: 4.0.0
      is-wsl: 2.2.0
      lighthouse-logger: 2.0.1
    transitivePeerDependencies:
      - supports-color

  chrome-remote-interface@0.33.2:
    dependencies:
      commander: 2.11.0
      ws: 7.5.10
    transitivePeerDependencies:
      - bufferutil
      - utf-8-validate

  commander@2.11.0: {}

  debug@2.6.9:
    dependencies:
      ms: 2.0.0

  escape-string-regexp@4.0.0: {}

  is-docker@2.2.1: {}

  is-wsl@2.2.0:
    dependencies:
      is-docker: 2.2.1

  lighthouse-logger@2.0.1:
    dependencies:
      debug: 2.6.9
      marky: 1.2.5
    transitivePeerDependencies:
      - supports-color

  marky@1.2.5: {}

  ms@2.0.0: {}

  undici-types@6.19.6: {}

  ws@7.5.10: {}
